
Microsoft Visual Studio Solution File, Format Version 12.00
Project("{FAE04EC0-301F-11D3-BF4B-00C04F79EFBC}") = "PlaylistManager.Core.Domain", "PlaylistManager.Core.Domain\PlaylistManager.Core.Domain.csproj", "{9020E204-FDA6-4C38-8A4F-8D0F53C318A9}"
EndProject
Project("{2150E333-8FDC-42A3-9474-1A3956D46DE8}") = "PlaylistManager.Core", "PlaylistManager.Core", "{E8A472DA-4C07-4007-88E8-5E6FF5F18645}"
EndProject
Project("{2150E333-8FDC-42A3-9474-1A3956D46DE8}") = "PlaylistManager.Infrastructure", "PlaylistManager.Infrastructure", "{C328DACB-3A15-4514-B641-AD77E16C0EAE}"
EndProject
Project("{2150E333-8FDC-42A3-9474-1A3956D46DE8}") = "PlaylistManager.Infrastructure.Repository", "PlaylistManager.Infrastructure.Repository", "{C9D955AE-316B-4F6F-BE19-7325D228B9AA}"
EndProject
Project("{FAE04EC0-301F-11D3-BF4B-00C04F79EFBC}") = "PlaylistManager.Infrastructure.Repository.AzureBlobStorage", "PlaylistManager.Infrastructure.Repository.AzureBlobStorage\PlaylistManager.Infrastructure.Repository.AzureBlobStorage.csproj", "{526B3683-592F-4116-A3DE-7EFFF1EDC4BA}"
EndProject
Project("{FAE04EC0-301F-11D3-BF4B-00C04F79EFBC}") = "PlaylistManager.Infrastructure.Repository.AzureTableStorage", "PlaylistManager.Infrastructure.Repository.AzureTableStorage\PlaylistManager.Infrastructure.Repository.AzureTableStorage.csproj", "{0C02569C-EF6D-46D9-9259-538BA69CDEA8}"
EndProject
Project("{FAE04EC0-301F-11D3-BF4B-00C04F79EFBC}") = "PlaylistManager.Core.Common", "PlaylistManager.Core.Common\PlaylistManager.Core.Common.csproj", "{5AE13F51-A425-4F87-A1B8-AFF9705E4DD9}"
EndProject
Project("{FAE04EC0-301F-11D3-BF4B-00C04F79EFBC}") = "PlaylistManager.Core.Contracts", "PlaylistManager.Core.Contracts\PlaylistManager.Core.Contracts.csproj", "{43C89339-C523-4743-83FC-85AD7FFD2194}"
EndProject
Project("{FAE04EC0-301F-11D3-BF4B-00C04F79EFBC}") = "PlaylistManager.Core.Services", "PlaylistManager.Core.Services\PlaylistManager.Core.Services.csproj", "{E784C71B-0D09-4FA4-8B50-F3ECA2A2DA8B}"
EndProject
Project("{2150E333-8FDC-42A3-9474-1A3956D46DE8}") = "PlaylistManager.Infrastructure.Api", "PlaylistManager.Infrastructure.Api", "{EE4195A8-D961-4BF4-9EA4-22BA74104E6E}"
EndProject
Project("{2150E333-8FDC-42A3-9474-1A3956D46DE8}") = "PlaylistManager.Infrastructure.Api.Serverless", "PlaylistManager.Infrastructure.Api.Serverless", "{D52DE270-9F1B-4813-9233-84D54E4DDAD3}"
EndProject
Project("{FAE04EC0-301F-11D3-BF4B-00C04F79EFBC}") = "PlaylistManager.Infrastructure.Api.Contracts", "PlaylistManager.Infrastructure.Api.Contracts\PlaylistManager.Infrastructure.Api.Contracts.csproj", "{25B2AB63-3095-4F2E-9A3E-8A037326F099}"
EndProject
Project("{FAE04EC0-301F-11D3-BF4B-00C04F79EFBC}") = "PlaylistManager.Api.Serverless.AzureFunctions.Shared", "PlaylistManager.Api.Serverless.AzureFunctions.Shared\PlaylistManager.Api.Serverless.AzureFunctions.Shared.csproj", "{D2B1FD92-EB63-4CB4-A31C-8557F42DBF97}"
EndProject
Project("{FAE04EC0-301F-11D3-BF4B-00C04F79EFBC}") = "PlaylistManager.Infrastructure.Api.Serverless.AzureFunctions", "PlaylistManager.Infrastructure.Api.Serverless.AzureFunctions\PlaylistManager.Infrastructure.Api.Serverless.AzureFunctions.csproj", "{EB7B5968-C95D-4A3D-A1F4-0404F5414141}"
EndProject
Project("{FAE04EC0-301F-11D3-BF4B-00C04F79EFBC}") = "PlaylistManager.Infrastructure.Api.Service", "PlaylistManager.Infrastructure.Api.Service\PlaylistManager.Infrastructure.Api.Service.csproj", "{77EE8645-8EFD-402B-B84D-4B0DC2150A75}"
EndProject
Project("{2150E333-8FDC-42A3-9474-1A3956D46DE8}") = "PlaylistManager.Services", "PlaylistManager.Services", "{D72C2F3F-53C2-461D-934F-9BAEA7A9860D}"
EndProject
Project("{2150E333-8FDC-42A3-9474-1A3956D46DE8}") = "PlaylistManager.Services.Azure", "PlaylistManager.Services.Azure", "{D574C87E-B45F-482A-A888-03A19F5C3059}"
EndProject
Project("{FAE04EC0-301F-11D3-BF4B-00C04F79EFBC}") = "PlaylistManager.Services.Azure.Shared", "PlaylistManager.Services.Azure.Shared\PlaylistManager.Services.Azure.Shared.csproj", "{DE26760F-1EED-40ED-A77B-C643EA3308E1}"
EndProject
Project("{FAE04EC0-301F-11D3-BF4B-00C04F79EFBC}") = "PlaylistManager.YoutubeTrackDownloadService.Serverless", "PlaylistManager.YoutubeTrackDownloadService.Serverless\PlaylistManager.YoutubeTrackDownloadService.Serverless.csproj", "{5FFAFDB2-1A04-458D-A7A3-6400625F138E}"
EndProject
Global
	GlobalSection(SolutionConfigurationPlatforms) = preSolution
		Debug|Any CPU = Debug|Any CPU
		Release|Any CPU = Release|Any CPU
	EndGlobalSection
	GlobalSection(ProjectConfigurationPlatforms) = postSolution
		{9020E204-FDA6-4C38-8A4F-8D0F53C318A9}.Debug|Any CPU.ActiveCfg = Debug|Any CPU
		{9020E204-FDA6-4C38-8A4F-8D0F53C318A9}.Debug|Any CPU.Build.0 = Debug|Any CPU
		{9020E204-FDA6-4C38-8A4F-8D0F53C318A9}.Release|Any CPU.ActiveCfg = Release|Any CPU
		{9020E204-FDA6-4C38-8A4F-8D0F53C318A9}.Release|Any CPU.Build.0 = Release|Any CPU
		{526B3683-592F-4116-A3DE-7EFFF1EDC4BA}.Debug|Any CPU.ActiveCfg = Debug|Any CPU
		{526B3683-592F-4116-A3DE-7EFFF1EDC4BA}.Debug|Any CPU.Build.0 = Debug|Any CPU
		{526B3683-592F-4116-A3DE-7EFFF1EDC4BA}.Release|Any CPU.ActiveCfg = Release|Any CPU
		{526B3683-592F-4116-A3DE-7EFFF1EDC4BA}.Release|Any CPU.Build.0 = Release|Any CPU
		{0C02569C-EF6D-46D9-9259-538BA69CDEA8}.Debug|Any CPU.ActiveCfg = Debug|Any CPU
		{0C02569C-EF6D-46D9-9259-538BA69CDEA8}.Debug|Any CPU.Build.0 = Debug|Any CPU
		{0C02569C-EF6D-46D9-9259-538BA69CDEA8}.Release|Any CPU.ActiveCfg = Release|Any CPU
		{0C02569C-EF6D-46D9-9259-538BA69CDEA8}.Release|Any CPU.Build.0 = Release|Any CPU
		{5AE13F51-A425-4F87-A1B8-AFF9705E4DD9}.Debug|Any CPU.ActiveCfg = Debug|Any CPU
		{5AE13F51-A425-4F87-A1B8-AFF9705E4DD9}.Debug|Any CPU.Build.0 = Debug|Any CPU
		{5AE13F51-A425-4F87-A1B8-AFF9705E4DD9}.Release|Any CPU.ActiveCfg = Release|Any CPU
		{5AE13F51-A425-4F87-A1B8-AFF9705E4DD9}.Release|Any CPU.Build.0 = Release|Any CPU
		{43C89339-C523-4743-83FC-85AD7FFD2194}.Debug|Any CPU.ActiveCfg = Debug|Any CPU
		{43C89339-C523-4743-83FC-85AD7FFD2194}.Debug|Any CPU.Build.0 = Debug|Any CPU
		{43C89339-C523-4743-83FC-85AD7FFD2194}.Release|Any CPU.ActiveCfg = Release|Any CPU
		{43C89339-C523-4743-83FC-85AD7FFD2194}.Release|Any CPU.Build.0 = Release|Any CPU
		{E784C71B-0D09-4FA4-8B50-F3ECA2A2DA8B}.Debug|Any CPU.ActiveCfg = Debug|Any CPU
		{E784C71B-0D09-4FA4-8B50-F3ECA2A2DA8B}.Debug|Any CPU.Build.0 = Debug|Any CPU
		{E784C71B-0D09-4FA4-8B50-F3ECA2A2DA8B}.Release|Any CPU.ActiveCfg = Release|Any CPU
		{E784C71B-0D09-4FA4-8B50-F3ECA2A2DA8B}.Release|Any CPU.Build.0 = Release|Any CPU
		{25B2AB63-3095-4F2E-9A3E-8A037326F099}.Debug|Any CPU.ActiveCfg = Debug|Any CPU
		{25B2AB63-3095-4F2E-9A3E-8A037326F099}.Debug|Any CPU.Build.0 = Debug|Any CPU
		{25B2AB63-3095-4F2E-9A3E-8A037326F099}.Release|Any CPU.ActiveCfg = Release|Any CPU
		{25B2AB63-3095-4F2E-9A3E-8A037326F099}.Release|Any CPU.Build.0 = Release|Any CPU
		{D2B1FD92-EB63-4CB4-A31C-8557F42DBF97}.Debug|Any CPU.ActiveCfg = Debug|Any CPU
		{D2B1FD92-EB63-4CB4-A31C-8557F42DBF97}.Debug|Any CPU.Build.0 = Debug|Any CPU
		{D2B1FD92-EB63-4CB4-A31C-8557F42DBF97}.Release|Any CPU.ActiveCfg = Release|Any CPU
		{D2B1FD92-EB63-4CB4-A31C-8557F42DBF97}.Release|Any CPU.Build.0 = Release|Any CPU
		{EB7B5968-C95D-4A3D-A1F4-0404F5414141}.Debug|Any CPU.ActiveCfg = Debug|Any CPU
		{EB7B5968-C95D-4A3D-A1F4-0404F5414141}.Debug|Any CPU.Build.0 = Debug|Any CPU
		{EB7B5968-C95D-4A3D-A1F4-0404F5414141}.Release|Any CPU.ActiveCfg = Release|Any CPU
		{EB7B5968-C95D-4A3D-A1F4-0404F5414141}.Release|Any CPU.Build.0 = Release|Any CPU
		{77EE8645-8EFD-402B-B84D-4B0DC2150A75}.Debug|Any CPU.ActiveCfg = Debug|Any CPU
		{77EE8645-8EFD-402B-B84D-4B0DC2150A75}.Debug|Any CPU.Build.0 = Debug|Any CPU
		{77EE8645-8EFD-402B-B84D-4B0DC2150A75}.Release|Any CPU.ActiveCfg = Release|Any CPU
		{77EE8645-8EFD-402B-B84D-4B0DC2150A75}.Release|Any CPU.Build.0 = Release|Any CPU
		{DE26760F-1EED-40ED-A77B-C643EA3308E1}.Debug|Any CPU.ActiveCfg = Debug|Any CPU
		{DE26760F-1EED-40ED-A77B-C643EA3308E1}.Debug|Any CPU.Build.0 = Debug|Any CPU
		{DE26760F-1EED-40ED-A77B-C643EA3308E1}.Release|Any CPU.ActiveCfg = Release|Any CPU
		{DE26760F-1EED-40ED-A77B-C643EA3308E1}.Release|Any CPU.Build.0 = Release|Any CPU
		{5FFAFDB2-1A04-458D-A7A3-6400625F138E}.Debug|Any CPU.ActiveCfg = Debug|Any CPU
		{5FFAFDB2-1A04-458D-A7A3-6400625F138E}.Debug|Any CPU.Build.0 = Debug|Any CPU
		{5FFAFDB2-1A04-458D-A7A3-6400625F138E}.Release|Any CPU.ActiveCfg = Release|Any CPU
		{5FFAFDB2-1A04-458D-A7A3-6400625F138E}.Release|Any CPU.Build.0 = Release|Any CPU
	EndGlobalSection
	GlobalSection(NestedProjects) = preSolution
		{9020E204-FDA6-4C38-8A4F-8D0F53C318A9} = {E8A472DA-4C07-4007-88E8-5E6FF5F18645}
		{C9D955AE-316B-4F6F-BE19-7325D228B9AA} = {C328DACB-3A15-4514-B641-AD77E16C0EAE}
		{526B3683-592F-4116-A3DE-7EFFF1EDC4BA} = {C9D955AE-316B-4F6F-BE19-7325D228B9AA}
		{0C02569C-EF6D-46D9-9259-538BA69CDEA8} = {C9D955AE-316B-4F6F-BE19-7325D228B9AA}
		{5AE13F51-A425-4F87-A1B8-AFF9705E4DD9} = {E8A472DA-4C07-4007-88E8-5E6FF5F18645}
		{43C89339-C523-4743-83FC-85AD7FFD2194} = {E8A472DA-4C07-4007-88E8-5E6FF5F18645}
		{E784C71B-0D09-4FA4-8B50-F3ECA2A2DA8B} = {E8A472DA-4C07-4007-88E8-5E6FF5F18645}
		{EE4195A8-D961-4BF4-9EA4-22BA74104E6E} = {C328DACB-3A15-4514-B641-AD77E16C0EAE}
		{D52DE270-9F1B-4813-9233-84D54E4DDAD3} = {EE4195A8-D961-4BF4-9EA4-22BA74104E6E}
		{25B2AB63-3095-4F2E-9A3E-8A037326F099} = {EE4195A8-D961-4BF4-9EA4-22BA74104E6E}
		{D2B1FD92-EB63-4CB4-A31C-8557F42DBF97} = {D52DE270-9F1B-4813-9233-84D54E4DDAD3}
		{EB7B5968-C95D-4A3D-A1F4-0404F5414141} = {D52DE270-9F1B-4813-9233-84D54E4DDAD3}
		{77EE8645-8EFD-402B-B84D-4B0DC2150A75} = {EE4195A8-D961-4BF4-9EA4-22BA74104E6E}
		{D574C87E-B45F-482A-A888-03A19F5C3059} = {D72C2F3F-53C2-461D-934F-9BAEA7A9860D}
		{DE26760F-1EED-40ED-A77B-C643EA3308E1} = {D574C87E-B45F-482A-A888-03A19F5C3059}
		{5FFAFDB2-1A04-458D-A7A3-6400625F138E} = {D574C87E-B45F-482A-A888-03A19F5C3059}
	EndGlobalSection
EndGlobal
